<?xml version="1.0" encoding="UTF-8"?>
<CONFIG>
  <ProjectOptions>
    <Version Value="12"/>
    <PathDelim Value="\"/>
    <General>
      <SessionStorage Value="InProjectDir"/>
      <Title Value="CgeSpineMixer"/>
      <Scaled Value="True"/>
      <ResourceType Value="res"/>
      <UseXPManifest Value="True"/>
      <XPManifest>
        <DpiAware Value="True"/>
      </XPManifest>
      <Icon Value="0"/>
    </General>
    <BuildModes>
      <Item Name="Default" Default="True"/>
    </BuildModes>
    <PublishOptions>
      <Version Value="2"/>
      <UseFileFilters Value="True"/>
    </PublishOptions>
    <RunParams>
      <FormatVersion Value="2"/>
    </RunParams>
    <RequiredPackages>
      <Item>
        <PackageName Value="castle_window"/>
      </Item>
      <Item>
        <PackageName Value="castle_components"/>
      </Item>
      <Item>
        <PackageName Value="castle_base"/>
      </Item>
      <Item>
        <PackageName Value="LCL"/>
      </Item>
    </RequiredPackages>
    <Units>
      <Unit>
        <Filename Value="CgeSpineMixer.lpr"/>
        <IsPartOfProject Value="True"/>
      </Unit>
      <Unit>
        <Filename Value="..\src\castlespinemixer.pas"/>
        <IsPartOfProject Value="True"/>
        <UnitName Value="CastleSpineMixer"/>
      </Unit>
      <Unit>
        <Filename Value="form.main.pas"/>
        <IsPartOfProject Value="True"/>
        <ComponentName Value="FormMain"/>
        <HasResources Value="True"/>
        <ResourceBaseClass Value="Form"/>
        <UnitName Value="Form.Main"/>
      </Unit>
      <Unit>
        <Filename Value="frame.mixeritem.pas"/>
        <IsPartOfProject Value="True"/>
        <ComponentName Value="FrameMixerItem"/>
        <HasResources Value="True"/>
        <ResourceBaseClass Value="Frame"/>
        <UnitName Value="Frame.MixerItem"/>
      </Unit>
      <Unit>
        <Filename Value="frame.mixer.pas"/>
        <IsPartOfProject Value="True"/>
        <ComponentName Value="FrameMixer"/>
        <HasResources Value="True"/>
        <ResourceBaseClass Value="Frame"/>
        <UnitName Value="Frame.Mixer"/>
      </Unit>
      <Unit>
        <Filename Value="frame.viewer.pas"/>
        <IsPartOfProject Value="True"/>
        <ComponentName Value="FrameSpineViewer"/>
        <HasResources Value="True"/>
        <ResourceBaseClass Value="Frame"/>
        <UnitName Value="Frame.Viewer"/>
      </Unit>
      <Unit>
        <Filename Value="..\src\components\spine-runtimes\src\CastleSpine.pas"/>
        <IsPartOfProject Value="True"/>
      </Unit>
      <Unit>
        <Filename Value="..\src\components\spine-runtimes\src\spine.pas"/>
        <IsPartOfProject Value="True"/>
        <UnitName Value="Spine"/>
      </Unit>
      <Unit>
        <Filename Value="form.newanimation.pas"/>
        <IsPartOfProject Value="True"/>
        <ComponentName Value="FormNewAnimation"/>
        <HasResources Value="True"/>
        <ResourceBaseClass Value="Form"/>
        <UnitName Value="Form.NewAnimation"/>
      </Unit>
      <Unit>
        <Filename Value="form.renameanimation.pas"/>
        <IsPartOfProject Value="True"/>
        <ComponentName Value="FormRenameAnimation"/>
        <HasResources Value="True"/>
        <ResourceBaseClass Value="Form"/>
        <UnitName Value="Form.RenameAnimation"/>
      </Unit>
      <Unit>
        <Filename Value="frame.timeline.pas"/>
        <IsPartOfProject Value="True"/>
        <ComponentName Value="FrameTimeline"/>
        <HasResources Value="True"/>
        <ResourceBaseClass Value="Frame"/>
        <UnitName Value="Frame.Timeline"/>
      </Unit>
      <Unit>
        <Filename Value="form.addmixer.pas"/>
        <IsPartOfProject Value="True"/>
        <ComponentName Value="FormAddMixer"/>
        <HasResources Value="True"/>
        <ResourceBaseClass Value="Form"/>
        <UnitName Value="Form.AddMixer"/>
      </Unit>
      <Unit>
        <Filename Value="form.curveeditor.pas"/>
        <IsPartOfProject Value="True"/>
        <ComponentName Value="FormCurveEditor"/>
        <HasResources Value="True"/>
        <ResourceBaseClass Value="Form"/>
        <UnitName Value="Form.CurveEditor"/>
      </Unit>
    </Units>
  </ProjectOptions>
  <CompilerOptions>
    <Version Value="11"/>
    <PathDelim Value="\"/>
    <Target>
      <Filename Value="..\CgeSpineMixer"/>
    </Target>
    <SearchPaths>
      <IncludeFiles Value="$(ProjOutDir)"/>
      <OtherUnitFiles Value="..\src;..\src\components\spine-runtimes\src"/>
      <UnitOutputDirectory Value="lib\$(TargetCPU)-$(TargetOS)"/>
    </SearchPaths>
    <CodeGeneration>
      <TargetOS Value="win64"/>
      <Optimizations>
        <OptimizationLevel Value="2"/>
      </Optimizations>
    </CodeGeneration>
    <Linking>
      <Debugging>
        <GenerateDebugInfo Value="False"/>
        <DebugInfoType Value="dsDwarf3"/>
      </Debugging>
      <Options>
        <Win32>
          <GraphicApplication Value="True"/>
        </Win32>
      </Options>
    </Linking>
  </CompilerOptions>
  <Debugging>
    <Exceptions>
      <Item>
        <Name Value="EAbort"/>
      </Item>
      <Item>
        <Name Value="ECodetoolError"/>
      </Item>
      <Item>
        <Name Value="EFOpenError"/>
      </Item>
    </Exceptions>
  </Debugging>
</CONFIG>
